// !$*UTF8*$!
{
	archiveVersion = 1;
	classes = {
	};
	objectVersion = 55;
	objects = {

/* Begin PBXBuildFile section */
		0AD4117628ECDD6B001EED78 /* AppDelegate.swift in Sources */ = {isa = PBXBuildFile; fileRef = 0AD4117528ECDD6B001EED78 /* AppDelegate.swift */; };
		0AD4117828ECDD6B001EED78 /* SceneDelegate.swift in Sources */ = {isa = PBXBuildFile; fileRef = 0AD4117728ECDD6B001EED78 /* SceneDelegate.swift */; };
		0AD4117A28ECDD6B001EED78 /* ViewController.swift in Sources */ = {isa = PBXBuildFile; fileRef = 0AD4117928ECDD6B001EED78 /* ViewController.swift */; };
		0AD4117D28ECDD6B001EED78 /* Main.storyboard in Resources */ = {isa = PBXBuildFile; fileRef = 0AD4117B28ECDD6B001EED78 /* Main.storyboard */; };
		0AD4117F28ECDD6D001EED78 /* Assets.xcassets in Resources */ = {isa = PBXBuildFile; fileRef = 0AD4117E28ECDD6D001EED78 /* Assets.xcassets */; };
		0AD4118228ECDD6D001EED78 /* LaunchScreen.storyboard in Resources */ = {isa = PBXBuildFile; fileRef = 0AD4118028ECDD6D001EED78 /* LaunchScreen.storyboard */; };
		0AD4118D28ECDD6D001EED78 /* ReadableContentGuideTests.swift in Sources */ = {isa = PBXBuildFile; fileRef = 0AD4118C28ECDD6D001EED78 /* ReadableContentGuideTests.swift */; };
		0AD4119728ECDD6D001EED78 /* ReadableContentGuideUITests.swift in Sources */ = {isa = PBXBuildFile; fileRef = 0AD4119628ECDD6D001EED78 /* ReadableContentGuideUITests.swift */; };
		0AD4119928ECDD6D001EED78 /* ReadableContentGuideUITestsLaunchTests.swift in Sources */ = {isa = PBXBuildFile; fileRef = 0AD4119828ECDD6D001EED78 /* ReadableContentGuideUITestsLaunchTests.swift */; };
/* End PBXBuildFile section */

/* Begin PBXContainerItemProxy section */
		0AD4118928ECDD6D001EED78 /* PBXContainerItemProxy */ = {
			isa = PBXContainerItemProxy;
			containerPortal = 0AD4116A28ECDD6B001EED78 /* Project object */;
			proxyType = 1;
			remoteGlobalIDString = 0AD4117128ECDD6B001EED78;
			remoteInfo = ReadableContentGuide;
		};
		0AD4119328ECDD6D001EED78 /* PBXContainerItemProxy */ = {
			isa = PBXContainerItemProxy;
			containerPortal = 0AD4116A28ECDD6B001EED78 /* Project object */;
			proxyType = 1;
			remoteGlobalIDString = 0AD4117128ECDD6B001EED78;
			remoteInfo = ReadableContentGuide;
		};
/* End PBXContainerItemProxy section */

/* Begin PBXFileReference section */
		0AD4117228ECDD6B001EED78 /* ReadableContentGuide.app */ = {isa = PBXFileReference; explicitFileType = wrapper.application; includeInIndex = 0; path = ReadableContentGuide.app; sourceTree = BUILT_PRODUCTS_DIR; };
		0AD4117528ECDD6B001EED78 /* AppDelegate.swift */ = {isa = PBXFileReference; lastKnownFileType = sourcecode.swift; path = AppDelegate.swift; sourceTree = "<group>"; };
		0AD4117728ECDD6B001EED78 /* SceneDelegate.swift */ = {isa = PBXFileReference; lastKnownFileType = sourcecode.swift; path = SceneDelegate.swift; sourceTree = "<group>"; };
		0AD4117928ECDD6B001EED78 /* ViewController.swift */ = {isa = PBXFileReference; lastKnownFileType = sourcecode.swift; path = ViewController.swift; sourceTree = "<group>"; };
		0AD4117C28ECDD6B001EED78 /* Base */ = {isa = PBXFileReference; lastKnownFileType = file.storyboard; name = Base; path = Base.lproj/Main.storyboard; sourceTree = "<group>"; };
		0AD4117E28ECDD6D001EED78 /* Assets.xcassets */ = {isa = PBXFileReference; lastKnownFileType = folder.assetcatalog; path = Assets.xcassets; sourceTree = "<group>"; };
		0AD4118128ECDD6D001EED78 /* Base */ = {isa = PBXFileReference; lastKnownFileType = file.storyboard; name = Base; path = Base.lproj/LaunchScreen.storyboard; sourceTree = "<group>"; };
		0AD4118328ECDD6D001EED78 /* Info.plist */ = {isa = PBXFileReference; lastKnownFileType = text.plist.xml; path = Info.plist; sourceTree = "<group>"; };
		0AD4118828ECDD6D001EED78 /* ReadableContentGuideTests.xctest */ = {isa = PBXFileReference; explicitFileType = wrapper.cfbundle; includeInIndex = 0; path = ReadableContentGuideTests.xctest; sourceTree = BUILT_PRODUCTS_DIR; };
		0AD4118C28ECDD6D001EED78 /* ReadableContentGuideTests.swift */ = {isa = PBXFileReference; lastKnownFileType = sourcecode.swift; path = ReadableContentGuideTests.swift; sourceTree = "<group>"; };
		0AD4119228ECDD6D001EED78 /* ReadableContentGuideUITests.xctest */ = {isa = PBXFileReference; explicitFileType = wrapper.cfbundle; includeInIndex = 0; path = ReadableContentGuideUITests.xctest; sourceTree = BUILT_PRODUCTS_DIR; };
		0AD4119628ECDD6D001EED78 /* ReadableContentGuideUITests.swift */ = {isa = PBXFileReference; lastKnownFileType = sourcecode.swift; path = ReadableContentGuideUITests.swift; sourceTree = "<group>"; };
		0AD4119828ECDD6D001EED78 /* ReadableContentGuideUITestsLaunchTests.swift */ = {isa = PBXFileReference; lastKnownFileType = sourcecode.swift; path = ReadableContentGuideUITestsLaunchTests.swift; sourceTree = "<group>"; };
/* End PBXFileReference section */

/* Begin PBXFrameworksBuildPhase section */
		0AD4116F28ECDD6B001EED78 /* Frameworks */ = {
			isa = PBXFrameworksBuildPhase;
			buildActionMask = 2147483647;
			files = (
			);
			runOnlyForDeploymentPostprocessing = 0;
		};
		0AD4118528ECDD6D001EED78 /* Frameworks */ = {
			isa = PBXFrameworksBuildPhase;
			buildActionMask = 2147483647;
			files = (
			);
			runOnlyForDeploymentPostprocessing = 0;
		};
		0AD4118F28ECDD6D001EED78 /* Frameworks */ = {
			isa = PBXFrameworksBuildPhase;
			buildActionMask = 2147483647;
			files = (
			);
			runOnlyForDeploymentPostprocessing = 0;
		};
/* End PBXFrameworksBuildPhase section */

/* Begin PBXGroup section */
		0AD4116928ECDD6B001EED78 = {
			isa = PBXGroup;
			children = (
				0AD4117428ECDD6B001EED78 /* ReadableContentGuide */,
				0AD4118B28ECDD6D001EED78 /* ReadableContentGuideTests */,
				0AD4119528ECDD6D001EED78 /* ReadableContentGuideUITests */,
				0AD4117328ECDD6B001EED78 /* Products */,
			);
			sourceTree = "<group>";
		};
		0AD4117328ECDD6B001EED78 /* Products */ = {
			isa = PBXGroup;
			children = (
				0AD4117228ECDD6B001EED78 /* ReadableContentGuide.app */,
				0AD4118828ECDD6D001EED78 /* ReadableContentGuideTests.xctest */,
				0AD4119228ECDD6D001EED78 /* ReadableContentGuideUITests.xctest */,
			);
			name = Products;
			sourceTree = "<group>";
		};
		0AD4117428ECDD6B001EED78 /* ReadableContentGuide */ = {
			isa = PBXGroup;
			children = (
				0AD4117528ECDD6B001EED78 /* AppDelegate.swift */,
				0AD4117728ECDD6B001EED78 /* SceneDelegate.swift */,
				0AD4117928ECDD6B001EED78 /* ViewController.swift */,
				0AD4117B28ECDD6B001EED78 /* Main.storyboard */,
				0AD4117E28ECDD6D001EED78 /* Assets.xcassets */,
				0AD4118028ECDD6D001EED78 /* LaunchScreen.storyboard */,
				0AD4118328ECDD6D001EED78 /* Info.plist */,
			);
			path = ReadableContentGuide;
			sourceTree = "<group>";
		};
		0AD4118B28ECDD6D001EED78 /* ReadableContentGuideTests */ = {
			isa = PBXGroup;
			children = (
				0AD4118C28ECDD6D001EED78 /* ReadableContentGuideTests.swift */,
			);
			path = ReadableContentGuideTests;
			sourceTree = "<group>";
		};
		0AD4119528ECDD6D001EED78 /* ReadableContentGuideUITests */ = {
			isa = PBXGroup;
			children = (
				0AD4119628ECDD6D001EED78 /* ReadableContentGuideUITests.swift */,
				0AD4119828ECDD6D001EED78 /* ReadableContentGuideUITestsLaunchTests.swift */,
			);
			path = ReadableContentGuideUITests;
			sourceTree = "<group>";
		};
/* End PBXGroup section */

/* Begin PBXNativeTarget section */
		0AD4117128ECDD6B001EED78 /* ReadableContentGuide */ = {
			isa = PBXNativeTarget;
			buildConfigurationList = 0AD4119C28ECDD6D001EED78 /* Build configuration list for PBXNativeTarget "ReadableContentGuide" */;
			buildPhases = (
				0AD4116E28ECDD6B001EED78 /* Sources */,
				0AD4116F28ECDD6B001EED78 /* Frameworks */,
				0AD4117028ECDD6B001EED78 /* Resources */,
			);
			buildRules = (
			);
			dependencies = (
			);
			name = ReadableContentGuide;
			productName = ReadableContentGuide;
			productReference = 0AD4117228ECDD6B001EED78 /* ReadableContentGuide.app */;
			productType = "com.apple.product-type.application";
		};
		0AD4118728ECDD6D001EED78 /* ReadableContentGuideTests */ = {
			isa = PBXNativeTarget;
			buildConfigurationList = 0AD4119F28ECDD6D001EED78 /* Build configuration list for PBXNativeTarget "ReadableContentGuideTests" */;
			buildPhases = (
				0AD4118428ECDD6D001EED78 /* Sources */,
				0AD4118528ECDD6D001EED78 /* Frameworks */,
				0AD4118628ECDD6D001EED78 /* Resources */,
			);
			buildRules = (
			);
			dependencies = (
				0AD4118A28ECDD6D001EED78 /* PBXTargetDependency */,
			);
			name = ReadableContentGuideTests;
			productName = ReadableContentGuideTests;
			productReference = 0AD4118828ECDD6D001EED78 /* ReadableContentGuideTests.xctest */;
			productType = "com.apple.product-type.bundle.unit-test";
		};
		0AD4119128ECDD6D001EED78 /* ReadableContentGuideUITests */ = {
			isa = PBXNativeTarget;
			buildConfigurationList = 0AD411A228ECDD6D001EED78 /* Build configuration list for PBXNativeTarget "ReadableContentGuideUITests" */;
			buildPhases = (
				0AD4118E28ECDD6D001EED78 /* Sources */,
				0AD4118F28ECDD6D001EED78 /* Frameworks */,
				0AD4119028ECDD6D001EED78 /* Resources */,
			);
			buildRules = (
			);
			dependencies = (
				0AD4119428ECDD6D001EED78 /* PBXTargetDependency */,
			);
			name = ReadableContentGuideUITests;
			productName = ReadableContentGuideUITests;
			productReference = 0AD4119228ECDD6D001EED78 /* ReadableContentGuideUITests.xctest */;
			productType = "com.apple.product-type.bundle.ui-testing";
		};
/* End PBXNativeTarget section */

/* Begin PBXProject section */
		0AD4116A28ECDD6B001EED78 /* Project object */ = {
			isa = PBXProject;
			attributes = {
				BuildIndependentTargetsInParallel = 1;
				LastSwiftUpdateCheck = 1340;
				LastUpgradeCheck = 1340;
				TargetAttributes = {
					0AD4117128ECDD6B001EED78 = {
						CreatedOnToolsVersion = 13.4.1;
					};
					0AD4118728ECDD6D001EED78 = {
						CreatedOnToolsVersion = 13.4.1;
						TestTargetID = 0AD4117128ECDD6B001EED78;
					};
					0AD4119128ECDD6D001EED78 = {
						CreatedOnToolsVersion = 13.4.1;
						TestTargetID = 0AD4117128ECDD6B001EED78;
					};
				};
			};
			buildConfigurationList = 0AD4116D28ECDD6B001EED78 /* Build configuration list for PBXProject "ReadableContentGuide" */;
			compatibilityVersion = "Xcode 13.0";
			developmentRegion = en;
			hasScannedForEncodings = 0;
			knownRegions = (
				en,
				Base,
			);
			mainGroup = 0AD4116928ECDD6B001EED78;
			productRefGroup = 0AD4117328ECDD6B001EED78 /* Products */;
			projectDirPath = "";
			projectRoot = "";
			targets = (
				0AD4117128ECDD6B001EED78 /* ReadableContentGuide */,
				0AD4118728ECDD6D001EED78 /* ReadableContentGuideTests */,
				0AD4119128ECDD6D001EED78 /* ReadableContentGuideUITests */,
			);
		};
/* End PBXProject section */

/* Begin PBXResourcesBuildPhase section */
		0AD4117028ECDD6B001EED78 /* Resources */ = {
			isa = PBXResourcesBuildPhase;
			buildActionMask = 2147483647;
			files = (
				0AD4118228ECDD6D001EED78 /* LaunchScreen.storyboard in Resources */,
				0AD4117F28ECDD6D001EED78 /* Assets.xcassets in Resources */,
				0AD4117D28ECDD6B001EED78 /* Main.storyboard in Resources */,
			);
			runOnlyForDeploymentPostprocessing = 0;
		};
		0AD4118628ECDD6D001EED78 /* Resources */ = {
			isa = PBXResourcesBuildPhase;
			buildActionMask = 2147483647;
			files = (
			);
			runOnlyForDeploymentPostprocessing = 0;
		};
		0AD4119028ECDD6D001EED78 /* Resources */ = {
			isa = PBXResourcesBuildPhase;
			buildActionMask = 2147483647;
			files = (
			);
			runOnlyForDeploymentPostprocessing = 0;
		};
/* End PBXResourcesBuildPhase section */

/* Begin PBXSourcesBuildPhase section */
		0AD4116E28ECDD6B001EED78 /* Sources */ = {
			isa = PBXSourcesBuildPhase;
			buildActionMask = 2147483647;
			files = (
				0AD4117A28ECDD6B001EED78 /* ViewController.swift in Sources */,
				0AD4117628ECDD6B001EED78 /* AppDelegate.swift in Sources */,
				0AD4117828ECDD6B001EED78 /* SceneDelegate.swift in Sources */,
			);
			runOnlyForDeploymentPostprocessing = 0;
		};
		0AD4118428ECDD6D001EED78 /* Sources */ = {
			isa = PBXSourcesBuildPhase;
			buildActionMask = 2147483647;
			files = (
				0AD4118D28ECDD6D001EED78 /* ReadableContentGuideTests.swift in Sources */,
			);
			runOnlyForDeploymentPostprocessing = 0;
		};
		0AD4118E28ECDD6D001EED78 /* Sources */ = {
			isa = PBXSourcesBuildPhase;
			buildActionMask = 2147483647;
			files = (
				0AD4119728ECDD6D001EED78 /* ReadableContentGuideUITests.swift in Sources */,
				0AD4119928ECDD6D001EED78 /* ReadableContentGuideUITestsLaunchTests.swift in Sources */,
			);
			runOnlyForDeploymentPostprocessing = 0;
		};
/* End PBXSourcesBuildPhase section */

/* Begin PBXTargetDependency section */
		0AD4118A28ECDD6D001EED78 /* PBXTargetDependency */ = {
			isa = PBXTargetDependency;
			target = 0AD4117128ECDD6B001EED78 /* ReadableContentGuide */;
			targetProxy = 0AD4118928ECDD6D001EED78 /* PBXContainerItemProxy */;
		};
		0AD4119428ECDD6D001EED78 /* PBXTargetDependency */ = {
			isa = PBXTargetDependency;
			target = 0AD4117128ECDD6B001EED78 /* ReadableContentGuide */;
			targetProxy = 0AD4119328ECDD6D001EED78 /* PBXContainerItemProxy */;
		};
/* End PBXTargetDependency section */

/* Begin PBXVariantGroup section */
		0AD4117B28ECDD6B001EED78 /* Main.storyboard */ = {
			isa = PBXVariantGroup;
			children = (
				0AD4117C28ECDD6B001EED78 /* Base */,
			);
			name = Main.storyboard;
			sourceTree = "<group>";
		};
		0AD4118028ECDD6D001EED78 /* LaunchScreen.storyboard */ = {
			isa = PBXVariantGroup;
			children = (
				0AD4118128ECDD6D001EED78 /* Base */,
			);
			name = LaunchScreen.storyboard;
			sourceTree = "<group>";
		};
/* End PBXVariantGroup section */

/* Begin XCBuildConfiguration section */
		0AD4119A28ECDD6D001EED78 /* Debug */ = {
			isa = XCBuildConfiguration;
			buildSettings = {
				ALWAYS_SEARCH_USER_PATHS = NO;
				CLANG_ANALYZER_NONNULL = YES;
				CLANG_ANALYZER_NUMBER_OBJECT_CONVERSION = YES_AGGRESSIVE;
				CLANG_CXX_LANGUAGE_STANDARD = "gnu++17";
				CLANG_ENABLE_MODULES = YES;
				CLANG_ENABLE_OBJC_ARC = YES;
				CLANG_ENABLE_OBJC_WEAK = YES;
				CLANG_WARN_BLOCK_CAPTURE_AUTORELEASING = YES;
				CLANG_WARN_BOOL_CONVERSION = YES;
				CLANG_WARN_COMMA = YES;
				CLANG_WARN_CONSTANT_CONVERSION = YES;
				CLANG_WARN_DEPRECATED_OBJC_IMPLEMENTATIONS = YES;
				CLANG_WARN_DIRECT_OBJC_ISA_USAGE = YES_ERROR;
				CLANG_WARN_DOCUMENTATION_COMMENTS = YES;
				CLANG_WARN_EMPTY_BODY = YES;
				CLANG_WARN_ENUM_CONVERSION = YES;
				CLANG_WARN_INFINITE_RECURSION = YES;
				CLANG_WARN_INT_CONVERSION = YES;
				CLANG_WARN_NON_LITERAL_NULL_CONVERSION = YES;
				CLANG_WARN_OBJC_IMPLICIT_RETAIN_SELF = YES;
				CLANG_WARN_OBJC_LITERAL_CONVERSION = YES;
				CLANG_WARN_OBJC_ROOT_CLASS = YES_ERROR;
				CLANG_WARN_QUOTED_INCLUDE_IN_FRAMEWORK_HEADER = YES;
				CLANG_WARN_RANGE_LOOP_ANALYSIS = YES;
				CLANG_WARN_STRICT_PROTOTYPES = YES;
				CLANG_WARN_SUSPICIOUS_MOVE = YES;
				CLANG_WARN_UNGUARDED_AVAILABILITY = YES_AGGRESSIVE;
				CLANG_WARN_UNREACHABLE_CODE = YES;
				CLANG_WARN__DUPLICATE_METHOD_MATCH = YES;
				COPY_PHASE_STRIP = NO;
				DEBUG_INFORMATION_FORMAT = dwarf;
				ENABLE_STRICT_OBJC_MSGSEND = YES;
				ENABLE_TESTABILITY = YES;
				GCC_C_LANGUAGE_STANDARD = gnu11;
				GCC_DYNAMIC_NO_PIC = NO;
				GCC_NO_COMMON_BLOCKS = YES;
				GCC_OPTIMIZATION_LEVEL = 0;
				GCC_PREPROCESSOR_DEFINITIONS = (
					"DEBUG=1",
					"$(inherited)",
				);
				GCC_WARN_64_TO_32_BIT_CONVERSION = YES;
				GCC_WARN_ABOUT_RETURN_TYPE = YES_ERROR;
				GCC_WARN_UNDECLARED_SELECTOR = YES;
				GCC_WARN_UNINITIALIZED_AUTOS = YES_AGGRESSIVE;
				GCC_WARN_UNUSED_FUNCTION = YES;
				GCC_WARN_UNUSED_VARIABLE = YES;
				IPHONEOS_DEPLOYMENT_TARGET = 15.5;
				MTL_ENABLE_DEBUG_INFO = INCLUDE_SOURCE;
				MTL_FAST_MATH = YES;
				ONLY_ACTIVE_ARCH = YES;
				SDKROOT = iphoneos;
				SWIFT_ACTIVE_COMPILATION_CONDITIONS = DEBUG;
				SWIFT_OPTIMIZATION_LEVEL = "-Onone";
			};
			name = Debug;
		};
		0AD4119B28ECDD6D001EED78 /* Release */ = {
			isa = XCBuildConfiguration;
			buildSettings = {
				ALWAYS_SEARCH_USER_PATHS = NO;
				CLANG_ANALYZER_NONNULL = YES;
				CLANG_ANALYZER_NUMBER_OBJECT_CONVERSION = YES_AGGRESSIVE;
				CLANG_CXX_LANGUAGE_STANDARD = "gnu++17";
				CLANG_ENABLE_MODULES = YES;
				CLANG_ENABLE_OBJC_ARC = YES;
				CLANG_ENABLE_OBJC_WEAK = YES;
				CLANG_WARN_BLOCK_CAPTURE_AUTORELEASING = YES;
				CLANG_WARN_BOOL_CONVERSION = YES;
				CLANG_WARN_COMMA = YES;
				CLANG_WARN_CONSTANT_CONVERSION = YES;
				CLANG_WARN_DEPRECATED_OBJC_IMPLEMENTATIONS = YES;
				CLANG_WARN_DIRECT_OBJC_ISA_USAGE = YES_ERROR;
				CLANG_WARN_DOCUMENTATION_COMMENTS = YES;
				CLANG_WARN_EMPTY_BODY = YES;
				CLANG_WARN_ENUM_CONVERSION = YES;
				CLANG_WARN_INFINITE_RECURSION = YES;
				CLANG_WARN_INT_CONVERSION = YES;
				CLANG_WARN_NON_LITERAL_NULL_CONVERSION = YES;
				CLANG_WARN_OBJC_IMPLICIT_RETAIN_SELF = YES;
				CLANG_WARN_OBJC_LITERAL_CONVERSION = YES;
				CLANG_WARN_OBJC_ROOT_CLASS = YES_ERROR;
				CLANG_WARN_QUOTED_INCLUDE_IN_FRAMEWORK_HEADER = YES;
				CLANG_WARN_RANGE_LOOP_ANALYSIS = YES;
				CLANG_WARN_STRICT_PROTOTYPES = YES;
				CLANG_WARN_SUSPICIOUS_MOVE = YES;
				CLANG_WARN_UNGUARDED_AVAILABILITY = YES_AGGRESSIVE;
				CLANG_WARN_UNREACHABLE_CODE = YES;
				CLANG_WARN__DUPLICATE_METHOD_MATCH = YES;
				COPY_PHASE_STRIP = NO;
				DEBUG_INFORMATION_FORMAT = "dwarf-with-dsym";
				ENABLE_NS_ASSERTIONS = NO;
				ENABLE_STRICT_OBJC_MSGSEND = YES;
				GCC_C_LANGUAGE_STANDARD = gnu11;
				GCC_NO_COMMON_BLOCKS = YES;
				GCC_WARN_64_TO_32_BIT_CONVERSION = YES;
				GCC_WARN_ABOUT_RETURN_TYPE = YES_ERROR;
				GCC_WARN_UNDECLARED_SELECTOR = YES;
				GCC_WARN_UNINITIALIZED_AUTOS = YES_AGGRESSIVE;
				GCC_WARN_UNUSED_FUNCTION = YES;
				GCC_WARN_UNUSED_VARIABLE = YES;
				IPHONEOS_DEPLOYMENT_TARGET = 15.5;
				MTL_ENABLE_DEBUG_INFO = NO;
				MTL_FAST_MATH = YES;
				SDKROOT = iphoneos;
				SWIFT_COMPILATION_MODE = wholemodule;
				SWIFT_OPTIMIZATION_LEVEL = "-O";
				VALIDATE_PRODUCT = YES;
			};
			name = Release;
		};
		0AD4119D28ECDD6D001EED78 /* Debug */ = {
			isa = XCBuildConfiguration;
			buildSettings = {
				ASSETCATALOG_COMPILER_APPICON_NAME = AppIcon;
				ASSETCATALOG_COMPILER_GLOBAL_ACCENT_COLOR_NAME = AccentColor;
				CODE_SIGN_STYLE = Automatic;
				CURRENT_PROJECT_VERSION = 1;
				GENERATE_INFOPLIST_FILE = YES;
				INFOPLIST_FILE = ReadableContentGuide/Info.plist;
				INFOPLIST_KEY_UIApplicationSupportsIndirectInputEvents = YES;
				INFOPLIST_KEY_UILaunchStoryboardName = LaunchScreen;
				INFOPLIST_KEY_UIMainStoryboardFile = Main;
				INFOPLIST_KEY_UISupportedInterfaceOrientations_iPad = "UIInterfaceOrientationPortrait UIInterfaceOrientationPortraitUpsideDown UIInterfaceOrientationLandscapeLeft UIInterfaceOrientationLandscapeRight";
				INFOPLIST_KEY_UISupportedInterfaceOrientations_iPhone = "UIInterfaceOrientationPortrait UIInterfaceOrientationLandscapeLeft UIInterfaceOrientationLandscapeRight";
				LD_RUNPATH_SEARCH_PATHS = (
					"$(inherited)",
					"@executable_path/Frameworks",
				);
				MARKETING_VERSION = 1.0;
				PRODUCT_BUNDLE_IDENTIFIER = info.ReadableContentGuide;
				PRODUCT_NAME = "$(TARGET_NAME)";
				SWIFT_EMIT_LOC_STRINGS = YES;
				SWIFT_VERSION = 5.0;
				TARGETED_DEVICE_FAMILY = "1,2";
			};
			name = Debug;
		};
		0AD4119E28ECDD6D001EED78 /* Release */ = {
			isa = XCBuildConfiguration;
			buildSettings = {
				ASSETCATALOG_COMPILER_APPICON_NAME = AppIcon;
				ASSETCATALOG_COMPILER_GLOBAL_ACCENT_COLOR_NAME = AccentColor;
				CODE_SIGN_STYLE = Automatic;
				CURRENT_PROJECT_VERSION = 1;
				GENERATE_INFOPLIST_FILE = YES;
				INFOPLIST_FILE = ReadableContentGuide/Info.plist;
				INFOPLIST_KEY_UIApplicationSupportsIndirectInputEvents = YES;
				INFOPLIST_KEY_UILaunchStoryboardName = LaunchScreen;
				INFOPLIST_KEY_UIMainStoryboardFile = Main;
				INFOPLIST_KEY_UISupportedInterfaceOrientations_iPad = "UIInterfaceOrientationPortrait UIInterfaceOrientationPortraitUpsideDown UIInterfaceOrientationLandscapeLeft UIInterfaceOrientationLandscapeRight";
				INFOPLIST_KEY_UISupportedInterfaceOrientations_iPhone = "UIInterfaceOrientationPortrait UIInterfaceOrientationLandscapeLeft UIInterfaceOrientationLandscapeRight";
				LD_RUNPATH_SEARCH_PATHS = (
					"$(inherited)",
					"@executable_path/Frameworks",
				);
				MARKETING_VERSION = 1.0;
				PRODUCT_BUNDLE_IDENTIFIER = info.ReadableContentGuide;
				PRODUCT_NAME = "$(TARGET_NAME)";
				SWIFT_EMIT_LOC_STRINGS = YES;
				SWIFT_VERSION = 5.0;
				TARGETED_DEVICE_FAMILY = "1,2";
			};
			name = Release;
		};
		0AD411A028ECDD6D001EED78 /* Debug */ = {
			isa = XCBuildConfiguration;
			buildSettings = {
				ALWAYS_EMBED_SWIFT_STANDARD_LIBRARIES = YES;
				BUNDLE_LOADER = "$(TEST_HOST)";
				CODE_SIGN_STYLE = Automatic;
				CURRENT_PROJECT_VERSION = 1;
				GENERATE_INFOPLIST_FILE = YES;
				IPHONEOS_DEPLOYMENT_TARGET = 15.5;
				MARKETING_VERSION = 1.0;
				PRODUCT_BUNDLE_IDENTIFIER = info.ReadableContentGuideTests;
				PRODUCT_NAME = "$(TARGET_NAME)";
				SWIFT_EMIT_LOC_STRINGS = NO;
				SWIFT_VERSION = 5.0;
				TARGETED_DEVICE_FAMILY = "1,2";
				TEST_HOST = "$(BUILT_PRODUCTS_DIR)/ReadableContentGuide.app/ReadableContentGuide";
			};
			name = Debug;
		};
		0AD411A128ECDD6D001EED78 /* Release */ = {
			isa = XCBuildConfiguration;
			buildSettings = {
				ALWAYS_EMBED_SWIFT_STANDARD_LIBRARIES = YES;
				BUNDLE_LOADER = "$(TEST_HOST)";
				CODE_SIGN_STYLE = Automatic;
				CURRENT_PROJECT_VERSION = 1;
				GENERATE_INFOPLIST_FILE = YES;
				IPHONEOS_DEPLOYMENT_TARGET = 15.5;
				MARKETING_VERSION = 1.0;
				PRODUCT_BUNDLE_IDENTIFIER = info.ReadableContentGuideTests;
				PRODUCT_NAME = "$(TARGET_NAME)";
				SWIFT_EMIT_LOC_STRINGS = NO;
				SWIFT_VERSION = 5.0;
				TARGETED_DEVICE_FAMILY = "1,2";
				TEST_HOST = "$(BUILT_PRODUCTS_DIR)/ReadableContentGuide.app/ReadableContentGuide";
			};
			name = Release;
		};
		0AD411A328ECDD6D001EED78 /* Debug */ = {
			isa = XCBuildConfiguration;
			buildSettings = {
				ALWAYS_EMBED_SWIFT_STANDARD_LIBRARIES = YES;
				CODE_SIGN_STYLE = Automatic;
				CURRENT_PROJECT_VERSION = 1;
				GENERATE_INFOPLIST_FILE = YES;
				MARKETING_VERSION = 1.0;
				PRODUCT_BUNDLE_IDENTIFIER = info.ReadableContentGuideUITests;
				PRODUCT_NAME = "$(TARGET_NAME)";
				SWIFT_EMIT_LOC_STRINGS = NO;
				SWIFT_VERSION = 5.0;
				TARGETED_DEVICE_FAMILY = "1,2";
				TEST_TARGET_NAME = ReadableContentGuide;
			};
			name = Debug;
		};
		0AD411A428ECDD6D001EED78 /* Release */ = {
			isa = XCBuildConfiguration;
			buildSettings = {
				ALWAYS_EMBED_SWIFT_STANDARD_LIBRARIES = YES;
				CODE_SIGN_STYLE = Automatic;
				CURRENT_PROJECT_VERSION = 1;
				GENERATE_INFOPLIST_FILE = YES;
				MARKETING_VERSION = 1.0;
				PRODUCT_BUNDLE_IDENTIFIER = info.ReadableContentGuideUITests;
				PRODUCT_NAME = "$(TARGET_NAME)";
				SWIFT_EMIT_LOC_STRINGS = NO;
				SWIFT_VERSION = 5.0;
				TARGETED_DEVICE_FAMILY = "1,2";
				TEST_TARGET_NAME = ReadableContentGuide;
			};
			name = Release;
		};
/* End XCBuildConfiguration section */

/* Begin XCConfigurationList section */
		0AD4116D28ECDD6B001EED78 /* Build configuration list for PBXProject "ReadableContentGuide" */ = {
			isa = XCConfigurationList;
			buildConfigurations = (
				0AD4119A28ECDD6D001EED78 /* Debug */,
				0AD4119B28ECDD6D001EED78 /* Release */,
			);
			defaultConfigurationIsVisible = 0;
			defaultConfigurationName = Release;
		};
		0AD4119C28ECDD6D001EED78 /* Build configuration list for PBXNativeTarget "ReadableContentGuide" */ = {
			isa = XCConfigurationList;
			buildConfigurations = (
				0AD4119D28ECDD6D001EED78 /* Debug */,
				0AD4119E28ECDD6D001EED78 /* Release */,
			);
			defaultConfigurationIsVisible = 0;
			defaultConfigurationName = Release;
		};
		0AD4119F28ECDD6D001EED78 /* Build configuration list for PBXNativeTarget "ReadableContentGuideTests" */ = {
			isa = XCConfigurationList;
			buildConfigurations = (
				0AD411A028ECDD6D001EED78 /* Debug */,
				0AD411A128ECDD6D001EED78 /* Release */,
			);
			defaultConfigurationIsVisible = 0;
			defaultConfigurationName = Release;
		};
		0AD411A228ECDD6D001EED78 /* Build configuration list for PBXNativeTarget "ReadableContentGuideUITests" */ = {
			isa = XCConfigurationList;
			buildConfigurations = (
				0AD411A328ECDD6D001EED78 /* Debug */,
				0AD411A428ECDD6D001EED78 /* Release */,
			);
			defaultConfigurationIsVisible = 0;
			defaultConfigurationName = Release;
		};
/* End XCConfigurationList section */
	};
	rootObject = 0AD4116A28ECDD6B001EED78 /* Project object */;
}
